{
  "name": "progid-backend",
  "version": "1.0.0",
  "lockfileVersion": 3,
  "requires": true,
  "packages": {
    "": {
      "name": "progid-backend",
      "version": "1.0.0",
      "dependencies": {
        "@aws-sdk/client-s3": "...",
        "better-sqlite3": "...",
        "dotenv": "...",
        "puppeteer": "..."
      },
      "engines": {
        "node": "20.x"
      }
    },
    "...": {},
    "node_modules/@aws-sdk/client-s3": {
      "resolved": "...",
      "link": true
    },
    "node_modules/better-sqlite3": {
      "resolved": "...",
      "link": true
    },
    "node_modules/dotenv": {
      "resolved": "...",
      "link": true
    },
    "node_modules/puppeteer": {
      "resolved": "...",
      "link": true
    }
  }
}
